
Microsoft Visual Studio Solution File, Format Version 12.00
# Visual Studio Version 17
VisualStudioVersion = 17.6.33801.468
MinimumVisualStudioVersion = 10.0.40219.1
Project("{9A19103F-16F7-4668-BE54-9A1E7A4F7556}") = "API", "RealStateCompany\API.csproj", "{7532C531-8E9E-4971-B357-F2E1F0048F66}"
EndProject
Project("{9A19103F-16F7-4668-BE54-9A1E7A4F7556}") = "Infrastructure", "Infrastructure\Infrastructure.csproj", "{CA1EF052-F5B1-4439-993B-A6629CA11DE8}"
EndProject
Project("{9A19103F-16F7-4668-BE54-9A1E7A4F7556}") = "Domain", "Domain\Domain.csproj", "{547B3788-738E-4989-963D-54DD6A0A885E}"
EndProject
Project("{FAE04EC0-301F-11D3-BF4B-00C04F79EFBC}") = "Tests", "Tests\Tests.csproj", "{BEAC855F-8852-4661-8173-C7EC1659B9C8}"
EndProject
Global
	GlobalSection(SolutionConfigurationPlatforms) = preSolution
		Debug|Any CPU = Debug|Any CPU
		Release|Any CPU = Release|Any CPU
	EndGlobalSection
	GlobalSection(ProjectConfigurationPlatforms) = postSolution
		{7532C531-8E9E-4971-B357-F2E1F0048F66}.Debug|Any CPU.ActiveCfg = Debug|Any CPU
		{7532C531-8E9E-4971-B357-F2E1F0048F66}.Debug|Any CPU.Build.0 = Debug|Any CPU
		{7532C531-8E9E-4971-B357-F2E1F0048F66}.Release|Any CPU.ActiveCfg = Release|Any CPU
		{7532C531-8E9E-4971-B357-F2E1F0048F66}.Release|Any CPU.Build.0 = Release|Any CPU
		{CA1EF052-F5B1-4439-993B-A6629CA11DE8}.Debug|Any CPU.ActiveCfg = Debug|Any CPU
		{CA1EF052-F5B1-4439-993B-A6629CA11DE8}.Debug|Any CPU.Build.0 = Debug|Any CPU
		{CA1EF052-F5B1-4439-993B-A6629CA11DE8}.Release|Any CPU.ActiveCfg = Release|Any CPU
		{CA1EF052-F5B1-4439-993B-A6629CA11DE8}.Release|Any CPU.Build.0 = Release|Any CPU
		{547B3788-738E-4989-963D-54DD6A0A885E}.Debug|Any CPU.ActiveCfg = Debug|Any CPU
		{547B3788-738E-4989-963D-54DD6A0A885E}.Debug|Any CPU.Build.0 = Debug|Any CPU
		{547B3788-738E-4989-963D-54DD6A0A885E}.Release|Any CPU.ActiveCfg = Release|Any CPU
		{547B3788-738E-4989-963D-54DD6A0A885E}.Release|Any CPU.Build.0 = Release|Any CPU
		{BEAC855F-8852-4661-8173-C7EC1659B9C8}.Debug|Any CPU.ActiveCfg = Debug|Any CPU
		{BEAC855F-8852-4661-8173-C7EC1659B9C8}.Debug|Any CPU.Build.0 = Debug|Any CPU
		{BEAC855F-8852-4661-8173-C7EC1659B9C8}.Release|Any CPU.ActiveCfg = Release|Any CPU
		{BEAC855F-8852-4661-8173-C7EC1659B9C8}.Release|Any CPU.Build.0 = Release|Any CPU
	EndGlobalSection
	GlobalSection(SolutionProperties) = preSolution
		HideSolutionNode = FALSE
	EndGlobalSection
	GlobalSection(ExtensibilityGlobals) = postSolution
		SolutionGuid = {DBB87BE6-6990-4D9C-877E-20CF127C4BAF}
	EndGlobalSection
EndGlobal
